
Microsoft Visual Studio Solution File, Format Version 12.00
# Visual Studio Version 17
VisualStudioVersion = 17.9.34728.123
MinimumVisualStudioVersion = 10.0.40219.1
Project("{FAE04EC0-301F-11D3-BF4B-00C04F79EFBC}") = "Proyecto_final_software", "Proyecto_final_software\Proyecto_final_software.csproj", "{34662395-3912-4500-B9F4-108B169349A0}"
EndProject
Global
	GlobalSection(SolutionConfigurationPlatforms) = preSolution
		Debug|Any CPU = Debug|Any CPU
		Release|Any CPU = Release|Any CPU
	EndGlobalSection
	GlobalSection(ProjectConfigurationPlatforms) = postSolution
		{34662395-3912-4500-B9F4-108B169349A0}.Debug|Any CPU.ActiveCfg = Debug|Any CPU
		{34662395-3912-4500-B9F4-108B169349A0}.Debug|Any CPU.Build.0 = Debug|Any CPU
		{34662395-3912-4500-B9F4-108B169349A0}.Release|Any CPU.ActiveCfg = Release|Any CPU
		{34662395-3912-4500-B9F4-108B169349A0}.Release|Any CPU.Build.0 = Release|Any CPU
	EndGlobalSection
	GlobalSection(SolutionProperties) = preSolution
		HideSolutionNode = FALSE
	EndGlobalSection
	GlobalSection(ExtensibilityGlobals) = postSolution
		SolutionGuid = {51D367BD-3D89-4606-95D7-6685CB11F9B1}
	EndGlobalSection
EndGlobal
